
Microsoft Visual Studio Solution File, Format Version 12.00
# Visual Studio Version 17
VisualStudioVersion = 17.5.33424.131
MinimumVisualStudioVersion = 10.0.40219.1
Project("{FAE04EC0-301F-11D3-BF4B-00C04F79EFBC}") = "Task.04", "Task.04.csproj", "{EEBDAFBA-C7F5-4A06-A815-6B6278BB3026}"
EndProject
Global
	GlobalSection(SolutionConfigurationPlatforms) = preSolution
		Debug|Any CPU = Debug|Any CPU
		Release|Any CPU = Release|Any CPU
	EndGlobalSection
	GlobalSection(ProjectConfigurationPlatforms) = postSolution
		{EEBDAFBA-C7F5-4A06-A815-6B6278BB3026}.Debug|Any CPU.ActiveCfg = Debug|Any CPU
		{EEBDAFBA-C7F5-4A06-A815-6B6278BB3026}.Debug|Any CPU.Build.0 = Debug|Any CPU
		{EEBDAFBA-C7F5-4A06-A815-6B6278BB3026}.Release|Any CPU.ActiveCfg = Release|Any CPU
		{EEBDAFBA-C7F5-4A06-A815-6B6278BB3026}.Release|Any CPU.Build.0 = Release|Any CPU
	EndGlobalSection
	GlobalSection(SolutionProperties) = preSolution
		HideSolutionNode = FALSE
	EndGlobalSection
	GlobalSection(ExtensibilityGlobals) = postSolution
		SolutionGuid = {39928EE2-B7E7-4884-97D8-5DA659AEF2CD}
	EndGlobalSection
EndGlobal
